// !$*UTF8*$!
{
	archiveVersion = 1;
	classes = {
	};
	objectVersion = 50;
	objects = {

/* Begin PBXBuildFile section */
		88E7F4A025A619D200FB6EA6 /* AppDelegate.swift in Sources */ = {isa = PBXBuildFile; fileRef = 88E7F49F25A619D200FB6EA6 /* AppDelegate.swift */; };
		88E7F4A225A619D200FB6EA6 /* SceneDelegate.swift in Sources */ = {isa = PBXBuildFile; fileRef = 88E7F4A125A619D200FB6EA6 /* SceneDelegate.swift */; };
		88E7F4A425A619D200FB6EA6 /* ViewController.swift in Sources */ = {isa = PBXBuildFile; fileRef = 88E7F4A325A619D200FB6EA6 /* ViewController.swift */; };
		88E7F4A725A619D200FB6EA6 /* Main.storyboard in Resources */ = {isa = PBXBuildFile; fileRef = 88E7F4A525A619D200FB6EA6 /* Main.storyboard */; };
		88E7F4A925A619D300FB6EA6 /* Assets.xcassets in Resources */ = {isa = PBXBuildFile; fileRef = 88E7F4A825A619D300FB6EA6 /* Assets.xcassets */; };
		88E7F4AC25A619D300FB6EA6 /* LaunchScreen.storyboard in Resources */ = {isa = PBXBuildFile; fileRef = 88E7F4AA25A619D300FB6EA6 /* LaunchScreen.storyboard */; };
		88E7F4B725A63CA300FB6EA6 /* Book.swift in Sources */ = {isa = PBXBuildFile; fileRef = 88E7F4B625A63CA300FB6EA6 /* Book.swift */; };
		88E7F4BC25A63D4800FB6EA6 /* OpenLibraryService.swift in Sources */ = {isa = PBXBuildFile; fileRef = 88E7F4BB25A63D4800FB6EA6 /* OpenLibraryService.swift */; };
		88E7F4C125A71F3300FB6EA6 /* URLSession+Concurrency.swift in Sources */ = {isa = PBXBuildFile; fileRef = 88E7F4C025A71F3300FB6EA6 /* URLSession+Concurrency.swift */; };
/* End PBXBuildFile section */

/* Begin PBXFileReference section */
		88E7F49C25A619D200FB6EA6 /* SwiftAsyncAwaitExperiment-UIKit.app */ = {isa = PBXFileReference; explicitFileType = wrapper.application; includeInIndex = 0; path = "SwiftAsyncAwaitExperiment-UIKit.app"; sourceTree = BUILT_PRODUCTS_DIR; };
		88E7F49F25A619D200FB6EA6 /* AppDelegate.swift */ = {isa = PBXFileReference; lastKnownFileType = sourcecode.swift; path = AppDelegate.swift; sourceTree = "<group>"; };
		88E7F4A125A619D200FB6EA6 /* SceneDelegate.swift */ = {isa = PBXFileReference; lastKnownFileType = sourcecode.swift; path = SceneDelegate.swift; sourceTree = "<group>"; };
		88E7F4A325A619D200FB6EA6 /* ViewController.swift */ = {isa = PBXFileReference; lastKnownFileType = sourcecode.swift; path = ViewController.swift; sourceTree = "<group>"; };
		88E7F4A625A619D200FB6EA6 /* Base */ = {isa = PBXFileReference; lastKnownFileType = file.storyboard; name = Base; path = Base.lproj/Main.storyboard; sourceTree = "<group>"; };
		88E7F4A825A619D300FB6EA6 /* Assets.xcassets */ = {isa = PBXFileReference; lastKnownFileType = folder.assetcatalog; path = Assets.xcassets; sourceTree = "<group>"; };
		88E7F4AB25A619D300FB6EA6 /* Base */ = {isa = PBXFileReference; lastKnownFileType = file.storyboard; name = Base; path = Base.lproj/LaunchScreen.storyboard; sourceTree = "<group>"; };
		88E7F4AD25A619D300FB6EA6 /* Info.plist */ = {isa = PBXFileReference; lastKnownFileType = text.plist.xml; path = Info.plist; sourceTree = "<group>"; };
		88E7F4B625A63CA300FB6EA6 /* Book.swift */ = {isa = PBXFileReference; lastKnownFileType = sourcecode.swift; path = Book.swift; sourceTree = "<group>"; };
		88E7F4BB25A63D4800FB6EA6 /* OpenLibraryService.swift */ = {isa = PBXFileReference; lastKnownFileType = sourcecode.swift; path = OpenLibraryService.swift; sourceTree = "<group>"; };
		88E7F4C025A71F3300FB6EA6 /* URLSession+Concurrency.swift */ = {isa = PBXFileReference; lastKnownFileType = sourcecode.swift; path = "URLSession+Concurrency.swift"; sourceTree = "<group>"; };
/* End PBXFileReference section */

/* Begin PBXFrameworksBuildPhase section */
		88E7F49925A619D200FB6EA6 /* Frameworks */ = {
			isa = PBXFrameworksBuildPhase;
			buildActionMask = 2147483647;
			files = (
			);
			runOnlyForDeploymentPostprocessing = 0;
		};
/* End PBXFrameworksBuildPhase section */

/* Begin PBXGroup section */
		88E7F49325A619D200FB6EA6 = {
			isa = PBXGroup;
			children = (
				88E7F49E25A619D200FB6EA6 /* SwiftAsyncAwaitExperiment-UIKit */,
				88E7F49D25A619D200FB6EA6 /* Products */,
			);
			sourceTree = "<group>";
		};
		88E7F49D25A619D200FB6EA6 /* Products */ = {
			isa = PBXGroup;
			children = (
				88E7F49C25A619D200FB6EA6 /* SwiftAsyncAwaitExperiment-UIKit.app */,
			);
			name = Products;
			sourceTree = "<group>";
		};
		88E7F49E25A619D200FB6EA6 /* SwiftAsyncAwaitExperiment-UIKit */ = {
			isa = PBXGroup;
			children = (
				88E7F4BF25A71F1E00FB6EA6 /* Extensions */,
				88E7F4BA25A63D1D00FB6EA6 /* Service */,
				88E7F4B925A63D0600FB6EA6 /* Model */,
				88E7F49F25A619D200FB6EA6 /* AppDelegate.swift */,
				88E7F4A125A619D200FB6EA6 /* SceneDelegate.swift */,
				88E7F4A325A619D200FB6EA6 /* ViewController.swift */,
				88E7F4A525A619D200FB6EA6 /* Main.storyboard */,
				88E7F4A825A619D300FB6EA6 /* Assets.xcassets */,
				88E7F4AA25A619D300FB6EA6 /* LaunchScreen.storyboard */,
				88E7F4AD25A619D300FB6EA6 /* Info.plist */,
			);
			path = "SwiftAsyncAwaitExperiment-UIKit";
			sourceTree = "<group>";
		};
		88E7F4B925A63D0600FB6EA6 /* Model */ = {
			isa = PBXGroup;
			children = (
				88E7F4B625A63CA300FB6EA6 /* Book.swift */,
			);
			path = Model;
			sourceTree = "<group>";
		};
		88E7F4BA25A63D1D00FB6EA6 /* Service */ = {
			isa = PBXGroup;
			children = (
				88E7F4BB25A63D4800FB6EA6 /* OpenLibraryService.swift */,
			);
			path = Service;
			sourceTree = "<group>";
		};
		88E7F4BF25A71F1E00FB6EA6 /* Extensions */ = {
			isa = PBXGroup;
			children = (
				88E7F4C025A71F3300FB6EA6 /* URLSession+Concurrency.swift */,
			);
			path = Extensions;
			sourceTree = "<group>";
		};
/* End PBXGroup section */

/* Begin PBXNativeTarget section */
		88E7F49B25A619D200FB6EA6 /* SwiftAsyncAwaitExperiment-UIKit */ = {
			isa = PBXNativeTarget;
			buildConfigurationList = 88E7F4B025A619D300FB6EA6 /* Build configuration list for PBXNativeTarget "SwiftAsyncAwaitExperiment-UIKit" */;
			buildPhases = (
				88E7F49825A619D200FB6EA6 /* Sources */,
				88E7F49925A619D200FB6EA6 /* Frameworks */,
				88E7F49A25A619D200FB6EA6 /* Resources */,
			);
			buildRules = (
			);
			dependencies = (
			);
			name = "SwiftAsyncAwaitExperiment-UIKit";
			productName = "SwiftAsyncAwaitExperiment-UIKit";
			productReference = 88E7F49C25A619D200FB6EA6 /* SwiftAsyncAwaitExperiment-UIKit.app */;
			productType = "com.apple.product-type.application";
		};
/* End PBXNativeTarget section */

/* Begin PBXProject section */
		88E7F49425A619D200FB6EA6 /* Project object */ = {
			isa = PBXProject;
			attributes = {
				LastSwiftUpdateCheck = 1230;
				LastUpgradeCheck = 1230;
				TargetAttributes = {
					88E7F49B25A619D200FB6EA6 = {
						CreatedOnToolsVersion = 12.3;
					};
				};
			};
			buildConfigurationList = 88E7F49725A619D200FB6EA6 /* Build configuration list for PBXProject "SwiftAsyncAwaitExperiment-UIKit" */;
			compatibilityVersion = "Xcode 9.3";
			developmentRegion = en;
			hasScannedForEncodings = 0;
			knownRegions = (
				en,
				Base,
			);
			mainGroup = 88E7F49325A619D200FB6EA6;
			productRefGroup = 88E7F49D25A619D200FB6EA6 /* Products */;
			projectDirPath = "";
			projectRoot = "";
			targets = (
				88E7F49B25A619D200FB6EA6 /* SwiftAsyncAwaitExperiment-UIKit */,
			);
		};
/* End PBXProject section */

/* Begin PBXResourcesBuildPhase section */
		88E7F49A25A619D200FB6EA6 /* Resources */ = {
			isa = PBXResourcesBuildPhase;
			buildActionMask = 2147483647;
			files = (
				88E7F4AC25A619D300FB6EA6 /* LaunchScreen.storyboard in Resources */,
				88E7F4A925A619D300FB6EA6 /* Assets.xcassets in Resources */,
				88E7F4A725A619D200FB6EA6 /* Main.storyboard in Resources */,
			);
			runOnlyForDeploymentPostprocessing = 0;
		};
/* End PBXResourcesBuildPhase section */

/* Begin PBXSourcesBuildPhase section */
		88E7F49825A619D200FB6EA6 /* Sources */ = {
			isa = PBXSourcesBuildPhase;
			buildActionMask = 2147483647;
			files = (
				88E7F4B725A63CA300FB6EA6 /* Book.swift in Sources */,
				88E7F4BC25A63D4800FB6EA6 /* OpenLibraryService.swift in Sources */,
				88E7F4A425A619D200FB6EA6 /* ViewController.swift in Sources */,
				88E7F4A025A619D200FB6EA6 /* AppDelegate.swift in Sources */,
				88E7F4C125A71F3300FB6EA6 /* URLSession+Concurrency.swift in Sources */,
				88E7F4A225A619D200FB6EA6 /* SceneDelegate.swift in Sources */,
			);
			runOnlyForDeploymentPostprocessing = 0;
		};
/* End PBXSourcesBuildPhase section */

/* Begin PBXVariantGroup section */
		88E7F4A525A619D200FB6EA6 /* Main.storyboard */ = {
			isa = PBXVariantGroup;
			children = (
				88E7F4A625A619D200FB6EA6 /* Base */,
			);
			name = Main.storyboard;
			sourceTree = "<group>";
		};
		88E7F4AA25A619D300FB6EA6 /* LaunchScreen.storyboard */ = {
			isa = PBXVariantGroup;
			children = (
				88E7F4AB25A619D300FB6EA6 /* Base */,
			);
			name = LaunchScreen.storyboard;
			sourceTree = "<group>";
		};
/* End PBXVariantGroup section */

/* Begin XCBuildConfiguration section */
		88E7F4AE25A619D300FB6EA6 /* Debug */ = {
			isa = XCBuildConfiguration;
			buildSettings = {
				ALWAYS_SEARCH_USER_PATHS = NO;
				CLANG_ANALYZER_NONNULL = YES;
				CLANG_ANALYZER_NUMBER_OBJECT_CONVERSION = YES_AGGRESSIVE;
				CLANG_CXX_LANGUAGE_STANDARD = "gnu++14";
				CLANG_CXX_LIBRARY = "libc++";
				CLANG_ENABLE_MODULES = YES;
				CLANG_ENABLE_OBJC_ARC = YES;
				CLANG_ENABLE_OBJC_WEAK = YES;
				CLANG_WARN_BLOCK_CAPTURE_AUTORELEASING = YES;
				CLANG_WARN_BOOL_CONVERSION = YES;
				CLANG_WARN_COMMA = YES;
				CLANG_WARN_CONSTANT_CONVERSION = YES;
				CLANG_WARN_DEPRECATED_OBJC_IMPLEMENTATIONS = YES;
				CLANG_WARN_DIRECT_OBJC_ISA_USAGE = YES_ERROR;
				CLANG_WARN_DOCUMENTATION_COMMENTS = YES;
				CLANG_WARN_EMPTY_BODY = YES;
				CLANG_WARN_ENUM_CONVERSION = YES;
				CLANG_WARN_INFINITE_RECURSION = YES;
				CLANG_WARN_INT_CONVERSION = YES;
				CLANG_WARN_NON_LITERAL_NULL_CONVERSION = YES;
				CLANG_WARN_OBJC_IMPLICIT_RETAIN_SELF = YES;
				CLANG_WARN_OBJC_LITERAL_CONVERSION = YES;
				CLANG_WARN_OBJC_ROOT_CLASS = YES_ERROR;
				CLANG_WARN_QUOTED_INCLUDE_IN_FRAMEWORK_HEADER = YES;
				CLANG_WARN_RANGE_LOOP_ANALYSIS = YES;
				CLANG_WARN_STRICT_PROTOTYPES = YES;
				CLANG_WARN_SUSPICIOUS_MOVE = YES;
				CLANG_WARN_UNGUARDED_AVAILABILITY = YES_AGGRESSIVE;
				CLANG_WARN_UNREACHABLE_CODE = YES;
				CLANG_WARN__DUPLICATE_METHOD_MATCH = YES;
				COPY_PHASE_STRIP = NO;
				DEBUG_INFORMATION_FORMAT = dwarf;
				ENABLE_STRICT_OBJC_MSGSEND = YES;
				ENABLE_TESTABILITY = YES;
				GCC_C_LANGUAGE_STANDARD = gnu11;
				GCC_DYNAMIC_NO_PIC = NO;
				GCC_NO_COMMON_BLOCKS = YES;
				GCC_OPTIMIZATION_LEVEL = 0;
				GCC_PREPROCESSOR_DEFINITIONS = (
					"DEBUG=1",
					"$(inherited)",
				);
				GCC_WARN_64_TO_32_BIT_CONVERSION = YES;
				GCC_WARN_ABOUT_RETURN_TYPE = YES_ERROR;
				GCC_WARN_UNDECLARED_SELECTOR = YES;
				GCC_WARN_UNINITIALIZED_AUTOS = YES_AGGRESSIVE;
				GCC_WARN_UNUSED_FUNCTION = YES;
				GCC_WARN_UNUSED_VARIABLE = YES;
				IPHONEOS_DEPLOYMENT_TARGET = 14.3;
				MTL_ENABLE_DEBUG_INFO = INCLUDE_SOURCE;
				MTL_FAST_MATH = YES;
				ONLY_ACTIVE_ARCH = YES;
				SDKROOT = iphoneos;
				SWIFT_ACTIVE_COMPILATION_CONDITIONS = DEBUG;
				SWIFT_OPTIMIZATION_LEVEL = "-Onone";
			};
			name = Debug;
		};
		88E7F4AF25A619D300FB6EA6 /* Release */ = {
			isa = XCBuildConfiguration;
			buildSettings = {
				ALWAYS_SEARCH_USER_PATHS = NO;
				CLANG_ANALYZER_NONNULL = YES;
				CLANG_ANALYZER_NUMBER_OBJECT_CONVERSION = YES_AGGRESSIVE;
				CLANG_CXX_LANGUAGE_STANDARD = "gnu++14";
				CLANG_CXX_LIBRARY = "libc++";
				CLANG_ENABLE_MODULES = YES;
				CLANG_ENABLE_OBJC_ARC = YES;
				CLANG_ENABLE_OBJC_WEAK = YES;
				CLANG_WARN_BLOCK_CAPTURE_AUTORELEASING = YES;
				CLANG_WARN_BOOL_CONVERSION = YES;
				CLANG_WARN_COMMA = YES;
				CLANG_WARN_CONSTANT_CONVERSION = YES;
				CLANG_WARN_DEPRECATED_OBJC_IMPLEMENTATIONS = YES;
				CLANG_WARN_DIRECT_OBJC_ISA_USAGE = YES_ERROR;
				CLANG_WARN_DOCUMENTATION_COMMENTS = YES;
				CLANG_WARN_EMPTY_BODY = YES;
				CLANG_WARN_ENUM_CONVERSION = YES;
				CLANG_WARN_INFINITE_RECURSION = YES;
				CLANG_WARN_INT_CONVERSION = YES;
				CLANG_WARN_NON_LITERAL_NULL_CONVERSION = YES;
				CLANG_WARN_OBJC_IMPLICIT_RETAIN_SELF = YES;
				CLANG_WARN_OBJC_LITERAL_CONVERSION = YES;
				CLANG_WARN_OBJC_ROOT_CLASS = YES_ERROR;
				CLANG_WARN_QUOTED_INCLUDE_IN_FRAMEWORK_HEADER = YES;
				CLANG_WARN_RANGE_LOOP_ANALYSIS = YES;
				CLANG_WARN_STRICT_PROTOTYPES = YES;
				CLANG_WARN_SUSPICIOUS_MOVE = YES;
				CLANG_WARN_UNGUARDED_AVAILABILITY = YES_AGGRESSIVE;
				CLANG_WARN_UNREACHABLE_CODE = YES;
				CLANG_WARN__DUPLICATE_METHOD_MATCH = YES;
				COPY_PHASE_STRIP = NO;
				DEBUG_INFORMATION_FORMAT = "dwarf-with-dsym";
				ENABLE_NS_ASSERTIONS = NO;
				ENABLE_STRICT_OBJC_MSGSEND = YES;
				GCC_C_LANGUAGE_STANDARD = gnu11;
				GCC_NO_COMMON_BLOCKS = YES;
				GCC_WARN_64_TO_32_BIT_CONVERSION = YES;
				GCC_WARN_ABOUT_RETURN_TYPE = YES_ERROR;
				GCC_WARN_UNDECLARED_SELECTOR = YES;
				GCC_WARN_UNINITIALIZED_AUTOS = YES_AGGRESSIVE;
				GCC_WARN_UNUSED_FUNCTION = YES;
				GCC_WARN_UNUSED_VARIABLE = YES;
				IPHONEOS_DEPLOYMENT_TARGET = 14.3;
				MTL_ENABLE_DEBUG_INFO = NO;
				MTL_FAST_MATH = YES;
				SDKROOT = iphoneos;
				SWIFT_COMPILATION_MODE = wholemodule;
				SWIFT_OPTIMIZATION_LEVEL = "-O";
				VALIDATE_PRODUCT = YES;
			};
			name = Release;
		};
		88E7F4B125A619D300FB6EA6 /* Debug */ = {
			isa = XCBuildConfiguration;
			buildSettings = {
				ASSETCATALOG_COMPILER_APPICON_NAME = AppIcon;
				ASSETCATALOG_COMPILER_GLOBAL_ACCENT_COLOR_NAME = AccentColor;
				CODE_SIGN_STYLE = Automatic;
				DEVELOPMENT_TEAM = YGAZHQXHH4;
				INFOPLIST_FILE = "SwiftAsyncAwaitExperiment-UIKit/Info.plist";
				LD_RUNPATH_SEARCH_PATHS = (
					"$(inherited)",
					"@executable_path/Frameworks",
				);
				OTHER_SWIFT_FLAGS = "-Xfrontend -enable-experimental-concurrency";
				PRODUCT_BUNDLE_IDENTIFIER = "dev.peterfriese.SwiftAsyncAwaitExperiment-UIKit";
				PRODUCT_NAME = "$(TARGET_NAME)";
				SWIFT_VERSION = 5.0;
				TARGETED_DEVICE_FAMILY = "1,2";
			};
			name = Debug;
		};
		88E7F4B225A619D300FB6EA6 /* Release */ = {
			isa = XCBuildConfiguration;
			buildSettings = {
				ASSETCATALOG_COMPILER_APPICON_NAME = AppIcon;
				ASSETCATALOG_COMPILER_GLOBAL_ACCENT_COLOR_NAME = AccentColor;
				CODE_SIGN_STYLE = Automatic;
				DEVELOPMENT_TEAM = YGAZHQXHH4;
				INFOPLIST_FILE = "SwiftAsyncAwaitExperiment-UIKit/Info.plist";
				LD_RUNPATH_SEARCH_PATHS = (
					"$(inherited)",
					"@executable_path/Frameworks",
				);
				OTHER_SWIFT_FLAGS = "-Xfrontend -enable-experimental-concurrency";
				PRODUCT_BUNDLE_IDENTIFIER = "dev.peterfriese.SwiftAsyncAwaitExperiment-UIKit";
				PRODUCT_NAME = "$(TARGET_NAME)";
				SWIFT_VERSION = 5.0;
				TARGETED_DEVICE_FAMILY = "1,2";
			};
			name = Release;
		};
/* End XCBuildConfiguration section */

/* Begin XCConfigurationList section */
		88E7F49725A619D200FB6EA6 /* Build configuration list for PBXProject "SwiftAsyncAwaitExperiment-UIKit" */ = {
			isa = XCConfigurationList;
			buildConfigurations = (
				88E7F4AE25A619D300FB6EA6 /* Debug */,
				88E7F4AF25A619D300FB6EA6 /* Release */,
			);
			defaultConfigurationIsVisible = 0;
			defaultConfigurationName = Release;
		};
		88E7F4B025A619D300FB6EA6 /* Build configuration list for PBXNativeTarget "SwiftAsyncAwaitExperiment-UIKit" */ = {
			isa = XCConfigurationList;
			buildConfigurations = (
				88E7F4B125A619D300FB6EA6 /* Debug */,
				88E7F4B225A619D300FB6EA6 /* Release */,
			);
			defaultConfigurationIsVisible = 0;
			defaultConfigurationName = Release;
		};
/* End XCConfigurationList section */
	};
	rootObject = 88E7F49425A619D200FB6EA6 /* Project object */;
}
