// !$*UTF8*$!
{
	archiveVersion = 1;
	classes = {
	};
	objectVersion = 54;
	objects = {

/* Begin PBXBuildFile section */
		88F70F74266F919F00BDAC21 /* AsyncAwaitRefactoringApp.swift in Sources */ = {isa = PBXBuildFile; fileRef = 88F70F73266F919F00BDAC21 /* AsyncAwaitRefactoringApp.swift */; };
		88F70F76266F919F00BDAC21 /* ContentView.swift in Sources */ = {isa = PBXBuildFile; fileRef = 88F70F75266F919F00BDAC21 /* ContentView.swift */; };
		88F70F78266F919F00BDAC21 /* Assets.xcassets in Resources */ = {isa = PBXBuildFile; fileRef = 88F70F77266F919F00BDAC21 /* Assets.xcassets */; };
		88F70F7B266F919F00BDAC21 /* Preview Assets.xcassets in Resources */ = {isa = PBXBuildFile; fileRef = 88F70F7A266F919F00BDAC21 /* Preview Assets.xcassets */; };
		88F70F84266F959E00BDAC21 /* Demo2.swift in Sources */ = {isa = PBXBuildFile; fileRef = 88F70F83266F959E00BDAC21 /* Demo2.swift */; };
/* End PBXBuildFile section */

/* Begin PBXFileReference section */
		88F70F70266F919F00BDAC21 /* AsyncAwaitRefactoring.app */ = {isa = PBXFileReference; explicitFileType = wrapper.application; includeInIndex = 0; path = AsyncAwaitRefactoring.app; sourceTree = BUILT_PRODUCTS_DIR; };
		88F70F73266F919F00BDAC21 /* AsyncAwaitRefactoringApp.swift */ = {isa = PBXFileReference; lastKnownFileType = sourcecode.swift; path = AsyncAwaitRefactoringApp.swift; sourceTree = "<group>"; };
		88F70F75266F919F00BDAC21 /* ContentView.swift */ = {isa = PBXFileReference; lastKnownFileType = sourcecode.swift; path = ContentView.swift; sourceTree = "<group>"; };
		88F70F77266F919F00BDAC21 /* Assets.xcassets */ = {isa = PBXFileReference; lastKnownFileType = folder.assetcatalog; path = Assets.xcassets; sourceTree = "<group>"; };
		88F70F7A266F919F00BDAC21 /* Preview Assets.xcassets */ = {isa = PBXFileReference; lastKnownFileType = folder.assetcatalog; path = "Preview Assets.xcassets"; sourceTree = "<group>"; };
		88F70F83266F959E00BDAC21 /* Demo2.swift */ = {isa = PBXFileReference; indentWidth = 2; lastKnownFileType = sourcecode.swift; path = Demo2.swift; sourceTree = "<group>"; };
		88F70F85266F980200BDAC21 /* convert_function.swift */ = {isa = PBXFileReference; fileEncoding = 4; lastKnownFileType = sourcecode.swift; path = convert_function.swift; sourceTree = "<group>"; };
		88F70F86266F980200BDAC21 /* convert_params_multi.swift */ = {isa = PBXFileReference; fileEncoding = 4; lastKnownFileType = sourcecode.swift; path = convert_params_multi.swift; sourceTree = "<group>"; };
		88F70F87266F980200BDAC21 /* errors.swift */ = {isa = PBXFileReference; fileEncoding = 4; lastKnownFileType = sourcecode.swift; path = errors.swift; sourceTree = "<group>"; };
		88F70F88266F980200BDAC21 /* async_attribute_added.swift */ = {isa = PBXFileReference; fileEncoding = 4; lastKnownFileType = sourcecode.swift; path = async_attribute_added.swift; sourceTree = "<group>"; };
		88F70F89266F980200BDAC21 /* convert_async_wrapper.swift */ = {isa = PBXFileReference; fileEncoding = 4; lastKnownFileType = sourcecode.swift; path = convert_async_wrapper.swift; sourceTree = "<group>"; };
		88F70F8A266F980200BDAC21 /* basic.swift */ = {isa = PBXFileReference; fileEncoding = 4; lastKnownFileType = sourcecode.swift; path = basic.swift; sourceTree = "<group>"; };
		88F70F8B266F980200BDAC21 /* check_compiles.swift */ = {isa = PBXFileReference; fileEncoding = 4; lastKnownFileType = sourcecode.swift; path = check_compiles.swift; sourceTree = "<group>"; };
		88F70F8C266F980300BDAC21 /* convert_bool.swift */ = {isa = PBXFileReference; fileEncoding = 4; lastKnownFileType = sourcecode.swift; path = convert_bool.swift; sourceTree = "<group>"; };
		88F70F8D266F980300BDAC21 /* convert_result.swift */ = {isa = PBXFileReference; fileEncoding = 4; lastKnownFileType = sourcecode.swift; path = convert_result.swift; sourceTree = "<group>"; };
		88F70F8E266F980300BDAC21 /* variable_as_callback.swift */ = {isa = PBXFileReference; fileEncoding = 4; lastKnownFileType = sourcecode.swift; path = variable_as_callback.swift; sourceTree = "<group>"; };
		88F70F8F266F980300BDAC21 /* convert_params_single.swift */ = {isa = PBXFileReference; fileEncoding = 4; lastKnownFileType = sourcecode.swift; path = convert_params_single.swift; sourceTree = "<group>"; };
		88F70F90266F980300BDAC21 /* convert_async_renames.swift */ = {isa = PBXFileReference; fileEncoding = 4; lastKnownFileType = sourcecode.swift; path = convert_async_renames.swift; sourceTree = "<group>"; };
/* End PBXFileReference section */

/* Begin PBXFrameworksBuildPhase section */
		88F70F6D266F919E00BDAC21 /* Frameworks */ = {
			isa = PBXFrameworksBuildPhase;
			buildActionMask = 2147483647;
			files = (
			);
			runOnlyForDeploymentPostprocessing = 0;
		};
/* End PBXFrameworksBuildPhase section */

/* Begin PBXGroup section */
		88F70F67266F919E00BDAC21 = {
			isa = PBXGroup;
			children = (
				88F70F72266F919F00BDAC21 /* AsyncAwaitRefactoring */,
				88F70F71266F919F00BDAC21 /* Products */,
			);
			sourceTree = "<group>";
		};
		88F70F71266F919F00BDAC21 /* Products */ = {
			isa = PBXGroup;
			children = (
				88F70F70266F919F00BDAC21 /* AsyncAwaitRefactoring.app */,
			);
			name = Products;
			sourceTree = "<group>";
		};
		88F70F72266F919F00BDAC21 /* AsyncAwaitRefactoring */ = {
			isa = PBXGroup;
			children = (
				88F70F73266F919F00BDAC21 /* AsyncAwaitRefactoringApp.swift */,
				88F70F75266F919F00BDAC21 /* ContentView.swift */,
				88F70F88266F980200BDAC21 /* async_attribute_added.swift */,
				88F70F8A266F980200BDAC21 /* basic.swift */,
				88F70F8B266F980200BDAC21 /* check_compiles.swift */,
				88F70F90266F980300BDAC21 /* convert_async_renames.swift */,
				88F70F89266F980200BDAC21 /* convert_async_wrapper.swift */,
				88F70F8C266F980300BDAC21 /* convert_bool.swift */,
				88F70F85266F980200BDAC21 /* convert_function.swift */,
				88F70F86266F980200BDAC21 /* convert_params_multi.swift */,
				88F70F8F266F980300BDAC21 /* convert_params_single.swift */,
				88F70F8D266F980300BDAC21 /* convert_result.swift */,
				88F70F87266F980200BDAC21 /* errors.swift */,
				88F70F8E266F980300BDAC21 /* variable_as_callback.swift */,
				88F70F77266F919F00BDAC21 /* Assets.xcassets */,
				88F70F79266F919F00BDAC21 /* Preview Content */,
				88F70F83266F959E00BDAC21 /* Demo2.swift */,
			);
			path = AsyncAwaitRefactoring;
			sourceTree = "<group>";
		};
		88F70F79266F919F00BDAC21 /* Preview Content */ = {
			isa = PBXGroup;
			children = (
				88F70F7A266F919F00BDAC21 /* Preview Assets.xcassets */,
			);
			path = "Preview Content";
			sourceTree = "<group>";
		};
/* End PBXGroup section */

/* Begin PBXNativeTarget section */
		88F70F6F266F919E00BDAC21 /* AsyncAwaitRefactoring */ = {
			isa = PBXNativeTarget;
			buildConfigurationList = 88F70F7E266F919F00BDAC21 /* Build configuration list for PBXNativeTarget "AsyncAwaitRefactoring" */;
			buildPhases = (
				88F70F6C266F919E00BDAC21 /* Sources */,
				88F70F6D266F919E00BDAC21 /* Frameworks */,
				88F70F6E266F919E00BDAC21 /* Resources */,
			);
			buildRules = (
			);
			dependencies = (
			);
			name = AsyncAwaitRefactoring;
			productName = AsyncAwaitRefactoring;
			productReference = 88F70F70266F919F00BDAC21 /* AsyncAwaitRefactoring.app */;
			productType = "com.apple.product-type.application";
		};
/* End PBXNativeTarget section */

/* Begin PBXProject section */
		88F70F68266F919E00BDAC21 /* Project object */ = {
			isa = PBXProject;
			attributes = {
				BuildIndependentTargetsInParallel = 1;
				LastSwiftUpdateCheck = 1300;
				LastUpgradeCheck = 1300;
				TargetAttributes = {
					88F70F6F266F919E00BDAC21 = {
						CreatedOnToolsVersion = 13.0;
					};
				};
			};
			buildConfigurationList = 88F70F6B266F919E00BDAC21 /* Build configuration list for PBXProject "AsyncAwaitRefactoring" */;
			compatibilityVersion = "Xcode 12.0";
			developmentRegion = en;
			hasScannedForEncodings = 0;
			knownRegions = (
				en,
				Base,
			);
			mainGroup = 88F70F67266F919E00BDAC21;
			productRefGroup = 88F70F71266F919F00BDAC21 /* Products */;
			projectDirPath = "";
			projectRoot = "";
			targets = (
				88F70F6F266F919E00BDAC21 /* AsyncAwaitRefactoring */,
			);
		};
/* End PBXProject section */

/* Begin PBXResourcesBuildPhase section */
		88F70F6E266F919E00BDAC21 /* Resources */ = {
			isa = PBXResourcesBuildPhase;
			buildActionMask = 2147483647;
			files = (
				88F70F7B266F919F00BDAC21 /* Preview Assets.xcassets in Resources */,
				88F70F78266F919F00BDAC21 /* Assets.xcassets in Resources */,
			);
			runOnlyForDeploymentPostprocessing = 0;
		};
/* End PBXResourcesBuildPhase section */

/* Begin PBXSourcesBuildPhase section */
		88F70F6C266F919E00BDAC21 /* Sources */ = {
			isa = PBXSourcesBuildPhase;
			buildActionMask = 2147483647;
			files = (
				88F70F76266F919F00BDAC21 /* ContentView.swift in Sources */,
				88F70F74266F919F00BDAC21 /* AsyncAwaitRefactoringApp.swift in Sources */,
				88F70F84266F959E00BDAC21 /* Demo2.swift in Sources */,
			);
			runOnlyForDeploymentPostprocessing = 0;
		};
/* End PBXSourcesBuildPhase section */

/* Begin XCBuildConfiguration section */
		88F70F7C266F919F00BDAC21 /* Debug */ = {
			isa = XCBuildConfiguration;
			buildSettings = {
				ALWAYS_SEARCH_USER_PATHS = NO;
				CLANG_ANALYZER_NONNULL = YES;
				CLANG_ANALYZER_NUMBER_OBJECT_CONVERSION = YES_AGGRESSIVE;
				CLANG_CXX_LANGUAGE_STANDARD = "gnu++14";
				CLANG_CXX_LIBRARY = "libc++";
				CLANG_ENABLE_MODULES = YES;
				CLANG_ENABLE_OBJC_ARC = YES;
				CLANG_ENABLE_OBJC_WEAK = YES;
				CLANG_WARN_BLOCK_CAPTURE_AUTORELEASING = YES;
				CLANG_WARN_BOOL_CONVERSION = YES;
				CLANG_WARN_COMMA = YES;
				CLANG_WARN_CONSTANT_CONVERSION = YES;
				CLANG_WARN_DEPRECATED_OBJC_IMPLEMENTATIONS = YES;
				CLANG_WARN_DIRECT_OBJC_ISA_USAGE = YES_ERROR;
				CLANG_WARN_DOCUMENTATION_COMMENTS = YES;
				CLANG_WARN_EMPTY_BODY = YES;
				CLANG_WARN_ENUM_CONVERSION = YES;
				CLANG_WARN_INFINITE_RECURSION = YES;
				CLANG_WARN_INT_CONVERSION = YES;
				CLANG_WARN_NON_LITERAL_NULL_CONVERSION = YES;
				CLANG_WARN_OBJC_IMPLICIT_RETAIN_SELF = YES;
				CLANG_WARN_OBJC_LITERAL_CONVERSION = YES;
				CLANG_WARN_OBJC_ROOT_CLASS = YES_ERROR;
				CLANG_WARN_QUOTED_INCLUDE_IN_FRAMEWORK_HEADER = YES;
				CLANG_WARN_RANGE_LOOP_ANALYSIS = YES;
				CLANG_WARN_STRICT_PROTOTYPES = YES;
				CLANG_WARN_SUSPICIOUS_MOVE = YES;
				CLANG_WARN_UNGUARDED_AVAILABILITY = YES_AGGRESSIVE;
				CLANG_WARN_UNREACHABLE_CODE = YES;
				CLANG_WARN__DUPLICATE_METHOD_MATCH = YES;
				COPY_PHASE_STRIP = NO;
				DEBUG_INFORMATION_FORMAT = dwarf;
				ENABLE_STRICT_OBJC_MSGSEND = YES;
				ENABLE_TESTABILITY = YES;
				GCC_C_LANGUAGE_STANDARD = gnu11;
				GCC_DYNAMIC_NO_PIC = NO;
				GCC_NO_COMMON_BLOCKS = YES;
				GCC_OPTIMIZATION_LEVEL = 0;
				GCC_PREPROCESSOR_DEFINITIONS = (
					"DEBUG=1",
					"$(inherited)",
				);
				GCC_WARN_64_TO_32_BIT_CONVERSION = YES;
				GCC_WARN_ABOUT_RETURN_TYPE = YES_ERROR;
				GCC_WARN_UNDECLARED_SELECTOR = YES;
				GCC_WARN_UNINITIALIZED_AUTOS = YES_AGGRESSIVE;
				GCC_WARN_UNUSED_FUNCTION = YES;
				GCC_WARN_UNUSED_VARIABLE = YES;
				IPHONEOS_DEPLOYMENT_TARGET = 15.0;
				MTL_ENABLE_DEBUG_INFO = INCLUDE_SOURCE;
				MTL_FAST_MATH = YES;
				ONLY_ACTIVE_ARCH = YES;
				SDKROOT = iphoneos;
				SWIFT_ACTIVE_COMPILATION_CONDITIONS = DEBUG;
				SWIFT_OPTIMIZATION_LEVEL = "-Onone";
			};
			name = Debug;
		};
		88F70F7D266F919F00BDAC21 /* Release */ = {
			isa = XCBuildConfiguration;
			buildSettings = {
				ALWAYS_SEARCH_USER_PATHS = NO;
				CLANG_ANALYZER_NONNULL = YES;
				CLANG_ANALYZER_NUMBER_OBJECT_CONVERSION = YES_AGGRESSIVE;
				CLANG_CXX_LANGUAGE_STANDARD = "gnu++14";
				CLANG_CXX_LIBRARY = "libc++";
				CLANG_ENABLE_MODULES = YES;
				CLANG_ENABLE_OBJC_ARC = YES;
				CLANG_ENABLE_OBJC_WEAK = YES;
				CLANG_WARN_BLOCK_CAPTURE_AUTORELEASING = YES;
				CLANG_WARN_BOOL_CONVERSION = YES;
				CLANG_WARN_COMMA = YES;
				CLANG_WARN_CONSTANT_CONVERSION = YES;
				CLANG_WARN_DEPRECATED_OBJC_IMPLEMENTATIONS = YES;
				CLANG_WARN_DIRECT_OBJC_ISA_USAGE = YES_ERROR;
				CLANG_WARN_DOCUMENTATION_COMMENTS = YES;
				CLANG_WARN_EMPTY_BODY = YES;
				CLANG_WARN_ENUM_CONVERSION = YES;
				CLANG_WARN_INFINITE_RECURSION = YES;
				CLANG_WARN_INT_CONVERSION = YES;
				CLANG_WARN_NON_LITERAL_NULL_CONVERSION = YES;
				CLANG_WARN_OBJC_IMPLICIT_RETAIN_SELF = YES;
				CLANG_WARN_OBJC_LITERAL_CONVERSION = YES;
				CLANG_WARN_OBJC_ROOT_CLASS = YES_ERROR;
				CLANG_WARN_QUOTED_INCLUDE_IN_FRAMEWORK_HEADER = YES;
				CLANG_WARN_RANGE_LOOP_ANALYSIS = YES;
				CLANG_WARN_STRICT_PROTOTYPES = YES;
				CLANG_WARN_SUSPICIOUS_MOVE = YES;
				CLANG_WARN_UNGUARDED_AVAILABILITY = YES_AGGRESSIVE;
				CLANG_WARN_UNREACHABLE_CODE = YES;
				CLANG_WARN__DUPLICATE_METHOD_MATCH = YES;
				COPY_PHASE_STRIP = NO;
				DEBUG_INFORMATION_FORMAT = "dwarf-with-dsym";
				ENABLE_NS_ASSERTIONS = NO;
				ENABLE_STRICT_OBJC_MSGSEND = YES;
				GCC_C_LANGUAGE_STANDARD = gnu11;
				GCC_NO_COMMON_BLOCKS = YES;
				GCC_WARN_64_TO_32_BIT_CONVERSION = YES;
				GCC_WARN_ABOUT_RETURN_TYPE = YES_ERROR;
				GCC_WARN_UNDECLARED_SELECTOR = YES;
				GCC_WARN_UNINITIALIZED_AUTOS = YES_AGGRESSIVE;
				GCC_WARN_UNUSED_FUNCTION = YES;
				GCC_WARN_UNUSED_VARIABLE = YES;
				IPHONEOS_DEPLOYMENT_TARGET = 15.0;
				MTL_ENABLE_DEBUG_INFO = NO;
				MTL_FAST_MATH = YES;
				SDKROOT = iphoneos;
				SWIFT_COMPILATION_MODE = wholemodule;
				SWIFT_OPTIMIZATION_LEVEL = "-O";
				VALIDATE_PRODUCT = YES;
			};
			name = Release;
		};
		88F70F7F266F919F00BDAC21 /* Debug */ = {
			isa = XCBuildConfiguration;
			buildSettings = {
				ASSETCATALOG_COMPILER_APPICON_NAME = AppIcon;
				ASSETCATALOG_COMPILER_GLOBAL_ACCENT_COLOR_NAME = AccentColor;
				CODE_SIGN_STYLE = Automatic;
				CURRENT_PROJECT_VERSION = 1;
				DEVELOPMENT_ASSET_PATHS = "\"AsyncAwaitRefactoring/Preview Content\"";
				DEVELOPMENT_TEAM = YGAZHQXHH4;
				ENABLE_PREVIEWS = YES;
				GENERATE_INFOPLIST_FILE = YES;
				INFOPLIST_KEY_UIApplicationSceneManifest_Generation = YES;
				INFOPLIST_KEY_UIApplicationSupportsIndirectInputEvents = YES;
				INFOPLIST_KEY_UILaunchScreen_Generation = YES;
				INFOPLIST_KEY_UISupportedInterfaceOrientations_iPad = "UIInterfaceOrientationPortrait UIInterfaceOrientationPortraitUpsideDown UIInterfaceOrientationLandscapeLeft UIInterfaceOrientationLandscapeRight";
				INFOPLIST_KEY_UISupportedInterfaceOrientations_iPhone = "UIInterfaceOrientationPortrait UIInterfaceOrientationLandscapeLeft UIInterfaceOrientationLandscapeRight";
				IPHONEOS_DEPLOYMENT_TARGET = 14.0;
				LD_RUNPATH_SEARCH_PATHS = (
					"$(inherited)",
					"@executable_path/Frameworks",
				);
				MARKETING_VERSION = 1.0;
				PRODUCT_BUNDLE_IDENTIFIER = dev.peterfriese.AsyncAwaitRefactoring;
				PRODUCT_NAME = "$(TARGET_NAME)";
				SWIFT_EMIT_LOC_STRINGS = YES;
				SWIFT_VERSION = 5.0;
				TARGETED_DEVICE_FAMILY = "1,2";
			};
			name = Debug;
		};
		88F70F80266F919F00BDAC21 /* Release */ = {
			isa = XCBuildConfiguration;
			buildSettings = {
				ASSETCATALOG_COMPILER_APPICON_NAME = AppIcon;
				ASSETCATALOG_COMPILER_GLOBAL_ACCENT_COLOR_NAME = AccentColor;
				CODE_SIGN_STYLE = Automatic;
				CURRENT_PROJECT_VERSION = 1;
				DEVELOPMENT_ASSET_PATHS = "\"AsyncAwaitRefactoring/Preview Content\"";
				DEVELOPMENT_TEAM = YGAZHQXHH4;
				ENABLE_PREVIEWS = YES;
				GENERATE_INFOPLIST_FILE = YES;
				INFOPLIST_KEY_UIApplicationSceneManifest_Generation = YES;
				INFOPLIST_KEY_UIApplicationSupportsIndirectInputEvents = YES;
				INFOPLIST_KEY_UILaunchScreen_Generation = YES;
				INFOPLIST_KEY_UISupportedInterfaceOrientations_iPad = "UIInterfaceOrientationPortrait UIInterfaceOrientationPortraitUpsideDown UIInterfaceOrientationLandscapeLeft UIInterfaceOrientationLandscapeRight";
				INFOPLIST_KEY_UISupportedInterfaceOrientations_iPhone = "UIInterfaceOrientationPortrait UIInterfaceOrientationLandscapeLeft UIInterfaceOrientationLandscapeRight";
				IPHONEOS_DEPLOYMENT_TARGET = 14.0;
				LD_RUNPATH_SEARCH_PATHS = (
					"$(inherited)",
					"@executable_path/Frameworks",
				);
				MARKETING_VERSION = 1.0;
				PRODUCT_BUNDLE_IDENTIFIER = dev.peterfriese.AsyncAwaitRefactoring;
				PRODUCT_NAME = "$(TARGET_NAME)";
				SWIFT_EMIT_LOC_STRINGS = YES;
				SWIFT_VERSION = 5.0;
				TARGETED_DEVICE_FAMILY = "1,2";
			};
			name = Release;
		};
/* End XCBuildConfiguration section */

/* Begin XCConfigurationList section */
		88F70F6B266F919E00BDAC21 /* Build configuration list for PBXProject "AsyncAwaitRefactoring" */ = {
			isa = XCConfigurationList;
			buildConfigurations = (
				88F70F7C266F919F00BDAC21 /* Debug */,
				88F70F7D266F919F00BDAC21 /* Release */,
			);
			defaultConfigurationIsVisible = 0;
			defaultConfigurationName = Release;
		};
		88F70F7E266F919F00BDAC21 /* Build configuration list for PBXNativeTarget "AsyncAwaitRefactoring" */ = {
			isa = XCConfigurationList;
			buildConfigurations = (
				88F70F7F266F919F00BDAC21 /* Debug */,
				88F70F80266F919F00BDAC21 /* Release */,
			);
			defaultConfigurationIsVisible = 0;
			defaultConfigurationName = Release;
		};
/* End XCConfigurationList section */
	};
	rootObject = 88F70F68266F919E00BDAC21 /* Project object */;
}
