// !$*UTF8*$!
{
	archiveVersion = 1;
	classes = {
	};
	objectVersion = 50;
	objects = {

/* Begin PBXBuildFile section */
		8877E33D25B04DC10083A5E0 /* SwiftAsyncAwaitExperiment_SwiftUIApp.swift in Sources */ = {isa = PBXBuildFile; fileRef = 8877E33C25B04DC10083A5E0 /* SwiftAsyncAwaitExperiment_SwiftUIApp.swift */; };
		8877E33F25B04DC10083A5E0 /* ContentView.swift in Sources */ = {isa = PBXBuildFile; fileRef = 8877E33E25B04DC10083A5E0 /* ContentView.swift */; };
		8877E34125B04DC20083A5E0 /* Assets.xcassets in Resources */ = {isa = PBXBuildFile; fileRef = 8877E34025B04DC20083A5E0 /* Assets.xcassets */; };
		8877E34425B04DC20083A5E0 /* Preview Assets.xcassets in Resources */ = {isa = PBXBuildFile; fileRef = 8877E34325B04DC20083A5E0 /* Preview Assets.xcassets */; };
		8877E35425B04E5C0083A5E0 /* OpenLibraryService.swift in Sources */ = {isa = PBXBuildFile; fileRef = 8877E35325B04E5C0083A5E0 /* OpenLibraryService.swift */; };
		8877E35725B04E6D0083A5E0 /* URLSession+Concurrency.swift in Sources */ = {isa = PBXBuildFile; fileRef = 8877E35625B04E6D0083A5E0 /* URLSession+Concurrency.swift */; };
		8877E35A25B04E790083A5E0 /* Book.swift in Sources */ = {isa = PBXBuildFile; fileRef = 8877E35925B04E790083A5E0 /* Book.swift */; };
		8877E35F25B04F6D0083A5E0 /* BooksViewModel.swift in Sources */ = {isa = PBXBuildFile; fileRef = 8877E35E25B04F6D0083A5E0 /* BooksViewModel.swift */; };
/* End PBXBuildFile section */

/* Begin PBXFileReference section */
		8877E33925B04DC10083A5E0 /* SwiftAsyncAwaitExperiment-SwiftUI.app */ = {isa = PBXFileReference; explicitFileType = wrapper.application; includeInIndex = 0; path = "SwiftAsyncAwaitExperiment-SwiftUI.app"; sourceTree = BUILT_PRODUCTS_DIR; };
		8877E33C25B04DC10083A5E0 /* SwiftAsyncAwaitExperiment_SwiftUIApp.swift */ = {isa = PBXFileReference; lastKnownFileType = sourcecode.swift; path = SwiftAsyncAwaitExperiment_SwiftUIApp.swift; sourceTree = "<group>"; };
		8877E33E25B04DC10083A5E0 /* ContentView.swift */ = {isa = PBXFileReference; lastKnownFileType = sourcecode.swift; path = ContentView.swift; sourceTree = "<group>"; };
		8877E34025B04DC20083A5E0 /* Assets.xcassets */ = {isa = PBXFileReference; lastKnownFileType = folder.assetcatalog; path = Assets.xcassets; sourceTree = "<group>"; };
		8877E34325B04DC20083A5E0 /* Preview Assets.xcassets */ = {isa = PBXFileReference; lastKnownFileType = folder.assetcatalog; path = "Preview Assets.xcassets"; sourceTree = "<group>"; };
		8877E34525B04DC20083A5E0 /* Info.plist */ = {isa = PBXFileReference; lastKnownFileType = text.plist.xml; path = Info.plist; sourceTree = "<group>"; };
		8877E35325B04E5C0083A5E0 /* OpenLibraryService.swift */ = {isa = PBXFileReference; fileEncoding = 4; lastKnownFileType = sourcecode.swift; path = OpenLibraryService.swift; sourceTree = "<group>"; };
		8877E35625B04E6D0083A5E0 /* URLSession+Concurrency.swift */ = {isa = PBXFileReference; fileEncoding = 4; lastKnownFileType = sourcecode.swift; path = "URLSession+Concurrency.swift"; sourceTree = "<group>"; };
		8877E35925B04E790083A5E0 /* Book.swift */ = {isa = PBXFileReference; fileEncoding = 4; lastKnownFileType = sourcecode.swift; path = Book.swift; sourceTree = "<group>"; };
		8877E35E25B04F6D0083A5E0 /* BooksViewModel.swift */ = {isa = PBXFileReference; lastKnownFileType = sourcecode.swift; path = BooksViewModel.swift; sourceTree = "<group>"; };
/* End PBXFileReference section */

/* Begin PBXFrameworksBuildPhase section */
		8877E33625B04DC10083A5E0 /* Frameworks */ = {
			isa = PBXFrameworksBuildPhase;
			buildActionMask = 2147483647;
			files = (
			);
			runOnlyForDeploymentPostprocessing = 0;
		};
/* End PBXFrameworksBuildPhase section */

/* Begin PBXGroup section */
		8877E33025B04DC10083A5E0 = {
			isa = PBXGroup;
			children = (
				8877E33B25B04DC10083A5E0 /* SwiftAsyncAwaitExperiment-SwiftUI */,
				8877E33A25B04DC10083A5E0 /* Products */,
			);
			sourceTree = "<group>";
		};
		8877E33A25B04DC10083A5E0 /* Products */ = {
			isa = PBXGroup;
			children = (
				8877E33925B04DC10083A5E0 /* SwiftAsyncAwaitExperiment-SwiftUI.app */,
			);
			name = Products;
			sourceTree = "<group>";
		};
		8877E33B25B04DC10083A5E0 /* SwiftAsyncAwaitExperiment-SwiftUI */ = {
			isa = PBXGroup;
			children = (
				8877E34D25B04DE90083A5E0 /* Service */,
				8877E34C25B04DDF0083A5E0 /* Extensions */,
				8877E34E25B04DFA0083A5E0 /* Model */,
				8877E35D25B04F570083A5E0 /* ViewModel */,
				8877E33C25B04DC10083A5E0 /* SwiftAsyncAwaitExperiment_SwiftUIApp.swift */,
				8877E33E25B04DC10083A5E0 /* ContentView.swift */,
				8877E34025B04DC20083A5E0 /* Assets.xcassets */,
				8877E34525B04DC20083A5E0 /* Info.plist */,
				8877E34225B04DC20083A5E0 /* Preview Content */,
			);
			path = "SwiftAsyncAwaitExperiment-SwiftUI";
			sourceTree = "<group>";
		};
		8877E34225B04DC20083A5E0 /* Preview Content */ = {
			isa = PBXGroup;
			children = (
				8877E34325B04DC20083A5E0 /* Preview Assets.xcassets */,
			);
			path = "Preview Content";
			sourceTree = "<group>";
		};
		8877E34C25B04DDF0083A5E0 /* Extensions */ = {
			isa = PBXGroup;
			children = (
				8877E35625B04E6D0083A5E0 /* URLSession+Concurrency.swift */,
			);
			path = Extensions;
			sourceTree = "<group>";
		};
		8877E34D25B04DE90083A5E0 /* Service */ = {
			isa = PBXGroup;
			children = (
				8877E35325B04E5C0083A5E0 /* OpenLibraryService.swift */,
			);
			path = Service;
			sourceTree = "<group>";
		};
		8877E34E25B04DFA0083A5E0 /* Model */ = {
			isa = PBXGroup;
			children = (
				8877E35925B04E790083A5E0 /* Book.swift */,
			);
			path = Model;
			sourceTree = "<group>";
		};
		8877E35D25B04F570083A5E0 /* ViewModel */ = {
			isa = PBXGroup;
			children = (
				8877E35E25B04F6D0083A5E0 /* BooksViewModel.swift */,
			);
			path = ViewModel;
			sourceTree = "<group>";
		};
/* End PBXGroup section */

/* Begin PBXNativeTarget section */
		8877E33825B04DC10083A5E0 /* SwiftAsyncAwaitExperiment-SwiftUI */ = {
			isa = PBXNativeTarget;
			buildConfigurationList = 8877E34825B04DC20083A5E0 /* Build configuration list for PBXNativeTarget "SwiftAsyncAwaitExperiment-SwiftUI" */;
			buildPhases = (
				8877E33525B04DC10083A5E0 /* Sources */,
				8877E33625B04DC10083A5E0 /* Frameworks */,
				8877E33725B04DC10083A5E0 /* Resources */,
			);
			buildRules = (
			);
			dependencies = (
			);
			name = "SwiftAsyncAwaitExperiment-SwiftUI";
			productName = "SwiftAsyncAwaitExperiment-SwiftUI";
			productReference = 8877E33925B04DC10083A5E0 /* SwiftAsyncAwaitExperiment-SwiftUI.app */;
			productType = "com.apple.product-type.application";
		};
/* End PBXNativeTarget section */

/* Begin PBXProject section */
		8877E33125B04DC10083A5E0 /* Project object */ = {
			isa = PBXProject;
			attributes = {
				LastSwiftUpdateCheck = 1230;
				LastUpgradeCheck = 1230;
				TargetAttributes = {
					8877E33825B04DC10083A5E0 = {
						CreatedOnToolsVersion = 12.3;
					};
				};
			};
			buildConfigurationList = 8877E33425B04DC10083A5E0 /* Build configuration list for PBXProject "SwiftAsyncAwaitExperiment-SwiftUI" */;
			compatibilityVersion = "Xcode 9.3";
			developmentRegion = en;
			hasScannedForEncodings = 0;
			knownRegions = (
				en,
				Base,
			);
			mainGroup = 8877E33025B04DC10083A5E0;
			productRefGroup = 8877E33A25B04DC10083A5E0 /* Products */;
			projectDirPath = "";
			projectRoot = "";
			targets = (
				8877E33825B04DC10083A5E0 /* SwiftAsyncAwaitExperiment-SwiftUI */,
			);
		};
/* End PBXProject section */

/* Begin PBXResourcesBuildPhase section */
		8877E33725B04DC10083A5E0 /* Resources */ = {
			isa = PBXResourcesBuildPhase;
			buildActionMask = 2147483647;
			files = (
				8877E34425B04DC20083A5E0 /* Preview Assets.xcassets in Resources */,
				8877E34125B04DC20083A5E0 /* Assets.xcassets in Resources */,
			);
			runOnlyForDeploymentPostprocessing = 0;
		};
/* End PBXResourcesBuildPhase section */

/* Begin PBXSourcesBuildPhase section */
		8877E33525B04DC10083A5E0 /* Sources */ = {
			isa = PBXSourcesBuildPhase;
			buildActionMask = 2147483647;
			files = (
				8877E35725B04E6D0083A5E0 /* URLSession+Concurrency.swift in Sources */,
				8877E35F25B04F6D0083A5E0 /* BooksViewModel.swift in Sources */,
				8877E33F25B04DC10083A5E0 /* ContentView.swift in Sources */,
				8877E33D25B04DC10083A5E0 /* SwiftAsyncAwaitExperiment_SwiftUIApp.swift in Sources */,
				8877E35A25B04E790083A5E0 /* Book.swift in Sources */,
				8877E35425B04E5C0083A5E0 /* OpenLibraryService.swift in Sources */,
			);
			runOnlyForDeploymentPostprocessing = 0;
		};
/* End PBXSourcesBuildPhase section */

/* Begin XCBuildConfiguration section */
		8877E34625B04DC20083A5E0 /* Debug */ = {
			isa = XCBuildConfiguration;
			buildSettings = {
				ALWAYS_SEARCH_USER_PATHS = NO;
				CLANG_ANALYZER_NONNULL = YES;
				CLANG_ANALYZER_NUMBER_OBJECT_CONVERSION = YES_AGGRESSIVE;
				CLANG_CXX_LANGUAGE_STANDARD = "gnu++14";
				CLANG_CXX_LIBRARY = "libc++";
				CLANG_ENABLE_MODULES = YES;
				CLANG_ENABLE_OBJC_ARC = YES;
				CLANG_ENABLE_OBJC_WEAK = YES;
				CLANG_WARN_BLOCK_CAPTURE_AUTORELEASING = YES;
				CLANG_WARN_BOOL_CONVERSION = YES;
				CLANG_WARN_COMMA = YES;
				CLANG_WARN_CONSTANT_CONVERSION = YES;
				CLANG_WARN_DEPRECATED_OBJC_IMPLEMENTATIONS = YES;
				CLANG_WARN_DIRECT_OBJC_ISA_USAGE = YES_ERROR;
				CLANG_WARN_DOCUMENTATION_COMMENTS = YES;
				CLANG_WARN_EMPTY_BODY = YES;
				CLANG_WARN_ENUM_CONVERSION = YES;
				CLANG_WARN_INFINITE_RECURSION = YES;
				CLANG_WARN_INT_CONVERSION = YES;
				CLANG_WARN_NON_LITERAL_NULL_CONVERSION = YES;
				CLANG_WARN_OBJC_IMPLICIT_RETAIN_SELF = YES;
				CLANG_WARN_OBJC_LITERAL_CONVERSION = YES;
				CLANG_WARN_OBJC_ROOT_CLASS = YES_ERROR;
				CLANG_WARN_QUOTED_INCLUDE_IN_FRAMEWORK_HEADER = YES;
				CLANG_WARN_RANGE_LOOP_ANALYSIS = YES;
				CLANG_WARN_STRICT_PROTOTYPES = YES;
				CLANG_WARN_SUSPICIOUS_MOVE = YES;
				CLANG_WARN_UNGUARDED_AVAILABILITY = YES_AGGRESSIVE;
				CLANG_WARN_UNREACHABLE_CODE = YES;
				CLANG_WARN__DUPLICATE_METHOD_MATCH = YES;
				COPY_PHASE_STRIP = NO;
				DEBUG_INFORMATION_FORMAT = dwarf;
				ENABLE_STRICT_OBJC_MSGSEND = YES;
				ENABLE_TESTABILITY = YES;
				GCC_C_LANGUAGE_STANDARD = gnu11;
				GCC_DYNAMIC_NO_PIC = NO;
				GCC_NO_COMMON_BLOCKS = YES;
				GCC_OPTIMIZATION_LEVEL = 0;
				GCC_PREPROCESSOR_DEFINITIONS = (
					"DEBUG=1",
					"$(inherited)",
				);
				GCC_WARN_64_TO_32_BIT_CONVERSION = YES;
				GCC_WARN_ABOUT_RETURN_TYPE = YES_ERROR;
				GCC_WARN_UNDECLARED_SELECTOR = YES;
				GCC_WARN_UNINITIALIZED_AUTOS = YES_AGGRESSIVE;
				GCC_WARN_UNUSED_FUNCTION = YES;
				GCC_WARN_UNUSED_VARIABLE = YES;
				IPHONEOS_DEPLOYMENT_TARGET = 14.3;
				MTL_ENABLE_DEBUG_INFO = INCLUDE_SOURCE;
				MTL_FAST_MATH = YES;
				ONLY_ACTIVE_ARCH = YES;
				SDKROOT = iphoneos;
				SWIFT_ACTIVE_COMPILATION_CONDITIONS = DEBUG;
				SWIFT_OPTIMIZATION_LEVEL = "-Onone";
			};
			name = Debug;
		};
		8877E34725B04DC20083A5E0 /* Release */ = {
			isa = XCBuildConfiguration;
			buildSettings = {
				ALWAYS_SEARCH_USER_PATHS = NO;
				CLANG_ANALYZER_NONNULL = YES;
				CLANG_ANALYZER_NUMBER_OBJECT_CONVERSION = YES_AGGRESSIVE;
				CLANG_CXX_LANGUAGE_STANDARD = "gnu++14";
				CLANG_CXX_LIBRARY = "libc++";
				CLANG_ENABLE_MODULES = YES;
				CLANG_ENABLE_OBJC_ARC = YES;
				CLANG_ENABLE_OBJC_WEAK = YES;
				CLANG_WARN_BLOCK_CAPTURE_AUTORELEASING = YES;
				CLANG_WARN_BOOL_CONVERSION = YES;
				CLANG_WARN_COMMA = YES;
				CLANG_WARN_CONSTANT_CONVERSION = YES;
				CLANG_WARN_DEPRECATED_OBJC_IMPLEMENTATIONS = YES;
				CLANG_WARN_DIRECT_OBJC_ISA_USAGE = YES_ERROR;
				CLANG_WARN_DOCUMENTATION_COMMENTS = YES;
				CLANG_WARN_EMPTY_BODY = YES;
				CLANG_WARN_ENUM_CONVERSION = YES;
				CLANG_WARN_INFINITE_RECURSION = YES;
				CLANG_WARN_INT_CONVERSION = YES;
				CLANG_WARN_NON_LITERAL_NULL_CONVERSION = YES;
				CLANG_WARN_OBJC_IMPLICIT_RETAIN_SELF = YES;
				CLANG_WARN_OBJC_LITERAL_CONVERSION = YES;
				CLANG_WARN_OBJC_ROOT_CLASS = YES_ERROR;
				CLANG_WARN_QUOTED_INCLUDE_IN_FRAMEWORK_HEADER = YES;
				CLANG_WARN_RANGE_LOOP_ANALYSIS = YES;
				CLANG_WARN_STRICT_PROTOTYPES = YES;
				CLANG_WARN_SUSPICIOUS_MOVE = YES;
				CLANG_WARN_UNGUARDED_AVAILABILITY = YES_AGGRESSIVE;
				CLANG_WARN_UNREACHABLE_CODE = YES;
				CLANG_WARN__DUPLICATE_METHOD_MATCH = YES;
				COPY_PHASE_STRIP = NO;
				DEBUG_INFORMATION_FORMAT = "dwarf-with-dsym";
				ENABLE_NS_ASSERTIONS = NO;
				ENABLE_STRICT_OBJC_MSGSEND = YES;
				GCC_C_LANGUAGE_STANDARD = gnu11;
				GCC_NO_COMMON_BLOCKS = YES;
				GCC_WARN_64_TO_32_BIT_CONVERSION = YES;
				GCC_WARN_ABOUT_RETURN_TYPE = YES_ERROR;
				GCC_WARN_UNDECLARED_SELECTOR = YES;
				GCC_WARN_UNINITIALIZED_AUTOS = YES_AGGRESSIVE;
				GCC_WARN_UNUSED_FUNCTION = YES;
				GCC_WARN_UNUSED_VARIABLE = YES;
				IPHONEOS_DEPLOYMENT_TARGET = 14.3;
				MTL_ENABLE_DEBUG_INFO = NO;
				MTL_FAST_MATH = YES;
				SDKROOT = iphoneos;
				SWIFT_COMPILATION_MODE = wholemodule;
				SWIFT_OPTIMIZATION_LEVEL = "-O";
				VALIDATE_PRODUCT = YES;
			};
			name = Release;
		};
		8877E34925B04DC20083A5E0 /* Debug */ = {
			isa = XCBuildConfiguration;
			buildSettings = {
				ASSETCATALOG_COMPILER_APPICON_NAME = AppIcon;
				ASSETCATALOG_COMPILER_GLOBAL_ACCENT_COLOR_NAME = AccentColor;
				CODE_SIGN_STYLE = Automatic;
				DEVELOPMENT_ASSET_PATHS = "\"SwiftAsyncAwaitExperiment-SwiftUI/Preview Content\"";
				DEVELOPMENT_TEAM = YGAZHQXHH4;
				ENABLE_PREVIEWS = YES;
				INFOPLIST_FILE = "SwiftAsyncAwaitExperiment-SwiftUI/Info.plist";
				IPHONEOS_DEPLOYMENT_TARGET = 14.0;
				LD_RUNPATH_SEARCH_PATHS = (
					"$(inherited)",
					"@executable_path/Frameworks",
				);
				OTHER_SWIFT_FLAGS = "-Xfrontend -enable-experimental-concurrency";
				PRODUCT_BUNDLE_IDENTIFIER = "dev.peterfriese.apress.BookShelf.SwiftAsyncAwaitExperiment-SwiftUI";
				PRODUCT_NAME = "$(TARGET_NAME)";
				SWIFT_VERSION = 5.0;
				TARGETED_DEVICE_FAMILY = "1,2";
			};
			name = Debug;
		};
		8877E34A25B04DC20083A5E0 /* Release */ = {
			isa = XCBuildConfiguration;
			buildSettings = {
				ASSETCATALOG_COMPILER_APPICON_NAME = AppIcon;
				ASSETCATALOG_COMPILER_GLOBAL_ACCENT_COLOR_NAME = AccentColor;
				CODE_SIGN_STYLE = Automatic;
				DEVELOPMENT_ASSET_PATHS = "\"SwiftAsyncAwaitExperiment-SwiftUI/Preview Content\"";
				DEVELOPMENT_TEAM = YGAZHQXHH4;
				ENABLE_PREVIEWS = YES;
				INFOPLIST_FILE = "SwiftAsyncAwaitExperiment-SwiftUI/Info.plist";
				IPHONEOS_DEPLOYMENT_TARGET = 14.0;
				LD_RUNPATH_SEARCH_PATHS = (
					"$(inherited)",
					"@executable_path/Frameworks",
				);
				OTHER_SWIFT_FLAGS = "-Xfrontend -enable-experimental-concurrency";
				PRODUCT_BUNDLE_IDENTIFIER = "dev.peterfriese.apress.BookShelf.SwiftAsyncAwaitExperiment-SwiftUI";
				PRODUCT_NAME = "$(TARGET_NAME)";
				SWIFT_VERSION = 5.0;
				TARGETED_DEVICE_FAMILY = "1,2";
			};
			name = Release;
		};
/* End XCBuildConfiguration section */

/* Begin XCConfigurationList section */
		8877E33425B04DC10083A5E0 /* Build configuration list for PBXProject "SwiftAsyncAwaitExperiment-SwiftUI" */ = {
			isa = XCConfigurationList;
			buildConfigurations = (
				8877E34625B04DC20083A5E0 /* Debug */,
				8877E34725B04DC20083A5E0 /* Release */,
			);
			defaultConfigurationIsVisible = 0;
			defaultConfigurationName = Release;
		};
		8877E34825B04DC20083A5E0 /* Build configuration list for PBXNativeTarget "SwiftAsyncAwaitExperiment-SwiftUI" */ = {
			isa = XCConfigurationList;
			buildConfigurations = (
				8877E34925B04DC20083A5E0 /* Debug */,
				8877E34A25B04DC20083A5E0 /* Release */,
			);
			defaultConfigurationIsVisible = 0;
			defaultConfigurationName = Release;
		};
/* End XCConfigurationList section */
	};
	rootObject = 8877E33125B04DC10083A5E0 /* Project object */;
}
